
Microsoft Visual Studio Solution File, Format Version 12.00
# Visual Studio Version 17
VisualStudioVersion = 17.0.31903.59
MinimumVisualStudioVersion = 10.0.40219.1
Project("{FAE04EC0-301F-11D3-BF4B-00C04F79EFBC}") = "MusicParser.App", "MusicParser.App\MusicParser.App.csproj", "{592D375D-BE80-48AA-8BCA-983D6FDB9261}"
EndProject
Project("{FAE04EC0-301F-11D3-BF4B-00C04F79EFBC}") = "MusicParser.Tests", "MusicParser.Tests\MusicParser.Tests.csproj", "{86D76F00-C171-484F-8C95-4489E91974B3}"
EndProject
Project("{FAE04EC0-301F-11D3-BF4B-00C04F79EFBC}") = "MusicParser", "MusicParser\MusicParser.csproj", "{91050C2E-8BFF-44FE-9778-6F46A28266F7}"
EndProject
Global
	GlobalSection(SolutionConfigurationPlatforms) = preSolution
		Debug|Any CPU = Debug|Any CPU
		Release|Any CPU = Release|Any CPU
	EndGlobalSection
	GlobalSection(SolutionProperties) = preSolution
		HideSolutionNode = FALSE
	EndGlobalSection
	GlobalSection(ProjectConfigurationPlatforms) = postSolution
		{592D375D-BE80-48AA-8BCA-983D6FDB9261}.Debug|Any CPU.ActiveCfg = Debug|Any CPU
		{592D375D-BE80-48AA-8BCA-983D6FDB9261}.Debug|Any CPU.Build.0 = Debug|Any CPU
		{592D375D-BE80-48AA-8BCA-983D6FDB9261}.Release|Any CPU.ActiveCfg = Release|Any CPU
		{592D375D-BE80-48AA-8BCA-983D6FDB9261}.Release|Any CPU.Build.0 = Release|Any CPU
		{86D76F00-C171-484F-8C95-4489E91974B3}.Debug|Any CPU.ActiveCfg = Debug|Any CPU
		{86D76F00-C171-484F-8C95-4489E91974B3}.Debug|Any CPU.Build.0 = Debug|Any CPU
		{86D76F00-C171-484F-8C95-4489E91974B3}.Release|Any CPU.ActiveCfg = Release|Any CPU
		{86D76F00-C171-484F-8C95-4489E91974B3}.Release|Any CPU.Build.0 = Release|Any CPU
		{91050C2E-8BFF-44FE-9778-6F46A28266F7}.Debug|Any CPU.ActiveCfg = Debug|Any CPU
		{91050C2E-8BFF-44FE-9778-6F46A28266F7}.Debug|Any CPU.Build.0 = Debug|Any CPU
		{91050C2E-8BFF-44FE-9778-6F46A28266F7}.Release|Any CPU.ActiveCfg = Release|Any CPU
		{91050C2E-8BFF-44FE-9778-6F46A28266F7}.Release|Any CPU.Build.0 = Release|Any CPU
	EndGlobalSection
EndGlobal
